
Microsoft Visual Studio Solution File, Format Version 12.00
# Visual Studio 15
VisualStudioVersion = 15.0.28307.421
MinimumVisualStudioVersion = 10.0.40219.1
Project("{FAE04EC0-301F-11D3-BF4B-00C04F79EFBC}") = "BookEFCore", "BookEFCore\BookEFCore.csproj", "{F7FB424D-1275-420C-9EFB-385D9E46DA91}"
EndProject
Global
	GlobalSection(SolutionConfigurationPlatforms) = preSolution
		Debug|Any CPU = Debug|Any CPU
		Release|Any CPU = Release|Any CPU
	EndGlobalSection
	GlobalSection(ProjectConfigurationPlatforms) = postSolution
		{F7FB424D-1275-420C-9EFB-385D9E46DA91}.Debug|Any CPU.ActiveCfg = Debug|Any CPU
		{F7FB424D-1275-420C-9EFB-385D9E46DA91}.Debug|Any CPU.Build.0 = Debug|Any CPU
		{F7FB424D-1275-420C-9EFB-385D9E46DA91}.Release|Any CPU.ActiveCfg = Release|Any CPU
		{F7FB424D-1275-420C-9EFB-385D9E46DA91}.Release|Any CPU.Build.0 = Release|Any CPU
	EndGlobalSection
	GlobalSection(SolutionProperties) = preSolution
		HideSolutionNode = FALSE
	EndGlobalSection
	GlobalSection(ExtensibilityGlobals) = postSolution
		SolutionGuid = {78A90AFA-3DE9-4911-A77B-97FF521E293F}
	EndGlobalSection
EndGlobal
